// !$*UTF8*$!
{
	archiveVersion = 1;
	classes = {
	};
	objectVersion = 51;
	objects = {

/* Begin PBXBuildFile section */
		30259EF27A1D0356160ABBF3 /* Pods_MAD257FirebaseCrashCourse.framework in Frameworks */ = {isa = PBXBuildFile; fileRef = 9466D76A9587B3CC849F6387 /* Pods_MAD257FirebaseCrashCourse.framework */; };
		3A67431725DB534900888307 /* AppDelegate.swift in Sources */ = {isa = PBXBuildFile; fileRef = 3A67431625DB534900888307 /* AppDelegate.swift */; };
		3A67431925DB534900888307 /* SceneDelegate.swift in Sources */ = {isa = PBXBuildFile; fileRef = 3A67431825DB534900888307 /* SceneDelegate.swift */; };
		3A67431B25DB534900888307 /* ViewController.swift in Sources */ = {isa = PBXBuildFile; fileRef = 3A67431A25DB534900888307 /* ViewController.swift */; };
		3A67431E25DB534900888307 /* Main.storyboard in Resources */ = {isa = PBXBuildFile; fileRef = 3A67431C25DB534900888307 /* Main.storyboard */; };
		3A67432025DB534C00888307 /* Assets.xcassets in Resources */ = {isa = PBXBuildFile; fileRef = 3A67431F25DB534C00888307 /* Assets.xcassets */; };
		3A67432325DB534C00888307 /* LaunchScreen.storyboard in Resources */ = {isa = PBXBuildFile; fileRef = 3A67432125DB534C00888307 /* LaunchScreen.storyboard */; };
		3A6C03D225DC1BE0002ACCFC /* GoogleService-Info.plist in Resources */ = {isa = PBXBuildFile; fileRef = 3A6C03D125DC1BE0002ACCFC /* GoogleService-Info.plist */; };
/* End PBXBuildFile section */

/* Begin PBXFileReference section */
		3A67431325DB534900888307 /* MAD257FirebaseCrashCourse.app */ = {isa = PBXFileReference; explicitFileType = wrapper.application; includeInIndex = 0; path = MAD257FirebaseCrashCourse.app; sourceTree = BUILT_PRODUCTS_DIR; };
		3A67431625DB534900888307 /* AppDelegate.swift */ = {isa = PBXFileReference; lastKnownFileType = sourcecode.swift; path = AppDelegate.swift; sourceTree = "<group>"; };
		3A67431825DB534900888307 /* SceneDelegate.swift */ = {isa = PBXFileReference; lastKnownFileType = sourcecode.swift; path = SceneDelegate.swift; sourceTree = "<group>"; };
		3A67431A25DB534900888307 /* ViewController.swift */ = {isa = PBXFileReference; lastKnownFileType = sourcecode.swift; path = ViewController.swift; sourceTree = "<group>"; };
		3A67431D25DB534900888307 /* Base */ = {isa = PBXFileReference; lastKnownFileType = file.storyboard; name = Base; path = Base.lproj/Main.storyboard; sourceTree = "<group>"; };
		3A67431F25DB534C00888307 /* Assets.xcassets */ = {isa = PBXFileReference; lastKnownFileType = folder.assetcatalog; path = Assets.xcassets; sourceTree = "<group>"; };
		3A67432225DB534C00888307 /* Base */ = {isa = PBXFileReference; lastKnownFileType = file.storyboard; name = Base; path = Base.lproj/LaunchScreen.storyboard; sourceTree = "<group>"; };
		3A67432425DB534C00888307 /* Info.plist */ = {isa = PBXFileReference; lastKnownFileType = text.plist.xml; path = Info.plist; sourceTree = "<group>"; };
		3A6C03D125DC1BE0002ACCFC /* GoogleService-Info.plist */ = {isa = PBXFileReference; lastKnownFileType = text.plist; path = "GoogleService-Info.plist"; sourceTree = SOURCE_ROOT; };
		554FFDD5871AA0BC3E29A2A8 /* Pods-MAD257FirebaseCrashCourse.release.xcconfig */ = {isa = PBXFileReference; includeInIndex = 1; lastKnownFileType = text.xcconfig; name = "Pods-MAD257FirebaseCrashCourse.release.xcconfig"; path = "Target Support Files/Pods-MAD257FirebaseCrashCourse/Pods-MAD257FirebaseCrashCourse.release.xcconfig"; sourceTree = "<group>"; };
		9466D76A9587B3CC849F6387 /* Pods_MAD257FirebaseCrashCourse.framework */ = {isa = PBXFileReference; explicitFileType = wrapper.framework; includeInIndex = 0; path = Pods_MAD257FirebaseCrashCourse.framework; sourceTree = BUILT_PRODUCTS_DIR; };
		C181FE8129C293F12FDAF75B /* Pods-MAD257FirebaseCrashCourse.debug.xcconfig */ = {isa = PBXFileReference; includeInIndex = 1; lastKnownFileType = text.xcconfig; name = "Pods-MAD257FirebaseCrashCourse.debug.xcconfig"; path = "Target Support Files/Pods-MAD257FirebaseCrashCourse/Pods-MAD257FirebaseCrashCourse.debug.xcconfig"; sourceTree = "<group>"; };
/* End PBXFileReference section */

/* Begin PBXFrameworksBuildPhase section */
		3A67431025DB534900888307 /* Frameworks */ = {
			isa = PBXFrameworksBuildPhase;
			buildActionMask = 2147483647;
			files = (
				30259EF27A1D0356160ABBF3 /* Pods_MAD257FirebaseCrashCourse.framework in Frameworks */,
			);
			runOnlyForDeploymentPostprocessing = 0;
		};
/* End PBXFrameworksBuildPhase section */

/* Begin PBXGroup section */
		3A67430A25DB534900888307 = {
			isa = PBXGroup;
			children = (
				3A67431525DB534900888307 /* MAD257FirebaseCrashCourse */,
				3A67431425DB534900888307 /* Products */,
				73ADBE7AF0FA2387B9BB955B /* Pods */,
				5F8DDB7F61042CEB71C01CA1 /* Frameworks */,
			);
			sourceTree = "<group>";
		};
		3A67431425DB534900888307 /* Products */ = {
			isa = PBXGroup;
			children = (
				3A67431325DB534900888307 /* MAD257FirebaseCrashCourse.app */,
			);
			name = Products;
			sourceTree = "<group>";
		};
		3A67431525DB534900888307 /* MAD257FirebaseCrashCourse */ = {
			isa = PBXGroup;
			children = (
				3A67431625DB534900888307 /* AppDelegate.swift */,
				3A67431825DB534900888307 /* SceneDelegate.swift */,
				3A67431A25DB534900888307 /* ViewController.swift */,
				3A67431C25DB534900888307 /* Main.storyboard */,
				3A67431F25DB534C00888307 /* Assets.xcassets */,
				3A67432125DB534C00888307 /* LaunchScreen.storyboard */,
				3A67432425DB534C00888307 /* Info.plist */,
				3A6C03D125DC1BE0002ACCFC /* GoogleService-Info.plist */,
			);
			path = MAD257FirebaseCrashCourse;
			sourceTree = "<group>";
		};
		5F8DDB7F61042CEB71C01CA1 /* Frameworks */ = {
			isa = PBXGroup;
			children = (
				9466D76A9587B3CC849F6387 /* Pods_MAD257FirebaseCrashCourse.framework */,
			);
			name = Frameworks;
			sourceTree = "<group>";
		};
		73ADBE7AF0FA2387B9BB955B /* Pods */ = {
			isa = PBXGroup;
			children = (
				C181FE8129C293F12FDAF75B /* Pods-MAD257FirebaseCrashCourse.debug.xcconfig */,
				554FFDD5871AA0BC3E29A2A8 /* Pods-MAD257FirebaseCrashCourse.release.xcconfig */,
			);
			path = Pods;
			sourceTree = "<group>";
		};
/* End PBXGroup section */

/* Begin PBXNativeTarget section */
		3A67431225DB534900888307 /* MAD257FirebaseCrashCourse */ = {
			isa = PBXNativeTarget;
			buildConfigurationList = 3A67432725DB534C00888307 /* Build configuration list for PBXNativeTarget "MAD257FirebaseCrashCourse" */;
			buildPhases = (
				88C056913ECECBA1462735DF /* [CP] Check Pods Manifest.lock */,
				3A67430F25DB534900888307 /* Sources */,
				3A67431025DB534900888307 /* Frameworks */,
				3A67431125DB534900888307 /* Resources */,
				FB2051D03AC2138BD2144158 /* [CP] Embed Pods Frameworks */,
			);
			buildRules = (
			);
			dependencies = (
			);
			name = MAD257FirebaseCrashCourse;
			productName = MAD257FirebaseCrashCourse;
			productReference = 3A67431325DB534900888307 /* MAD257FirebaseCrashCourse.app */;
			productType = "com.apple.product-type.application";
		};
/* End PBXNativeTarget section */

/* Begin PBXProject section */
		3A67430B25DB534900888307 /* Project object */ = {
			isa = PBXProject;
			attributes = {
				LastSwiftUpdateCheck = 1160;
				LastUpgradeCheck = 1160;
				ORGANIZATIONNAME = "TygerMatrix Software";
				TargetAttributes = {
					3A67431225DB534900888307 = {
						CreatedOnToolsVersion = 11.6;
					};
				};
			};
			buildConfigurationList = 3A67430E25DB534900888307 /* Build configuration list for PBXProject "MAD257FirebaseCrashCourse" */;
			compatibilityVersion = "Xcode 9.3";
			developmentRegion = en;
			hasScannedForEncodings = 0;
			knownRegions = (
				en,
				Base,
			);
			mainGroup = 3A67430A25DB534900888307;
			productRefGroup = 3A67431425DB534900888307 /* Products */;
			projectDirPath = "";
			projectRoot = "";
			targets = (
				3A67431225DB534900888307 /* MAD257FirebaseCrashCourse */,
			);
		};
/* End PBXProject section */

/* Begin PBXResourcesBuildPhase section */
		3A67431125DB534900888307 /* Resources */ = {
			isa = PBXResourcesBuildPhase;
			buildActionMask = 2147483647;
			files = (
				3A67432325DB534C00888307 /* LaunchScreen.storyboard in Resources */,
				3A6C03D225DC1BE0002ACCFC /* GoogleService-Info.plist in Resources */,
				3A67432025DB534C00888307 /* Assets.xcassets in Resources */,
				3A67431E25DB534900888307 /* Main.storyboard in Resources */,
			);
			runOnlyForDeploymentPostprocessing = 0;
		};
/* End PBXResourcesBuildPhase section */

/* Begin PBXShellScriptBuildPhase section */
		88C056913ECECBA1462735DF /* [CP] Check Pods Manifest.lock */ = {
			isa = PBXShellScriptBuildPhase;
			buildActionMask = 2147483647;
			files = (
			);
			inputFileListPaths = (
			);
			inputPaths = (
				"${PODS_PODFILE_DIR_PATH}/Podfile.lock",
				"${PODS_ROOT}/Manifest.lock",
			);
			name = "[CP] Check Pods Manifest.lock";
			outputFileListPaths = (
			);
			outputPaths = (
				"$(DERIVED_FILE_DIR)/Pods-MAD257FirebaseCrashCourse-checkManifestLockResult.txt",
			);
			runOnlyForDeploymentPostprocessing = 0;
			shellPath = /bin/sh;
			shellScript = "diff \"${PODS_PODFILE_DIR_PATH}/Podfile.lock\" \"${PODS_ROOT}/Manifest.lock\" > /dev/null\nif [ $? != 0 ] ; then\n    # print error to STDERR\n    echo \"error: The sandbox is not in sync with the Podfile.lock. Run 'pod install' or update your CocoaPods installation.\" >&2\n    exit 1\nfi\n# This output is used by Xcode 'outputs' to avoid re-running this script phase.\necho \"SUCCESS\" > \"${SCRIPT_OUTPUT_FILE_0}\"\n";
			showEnvVarsInLog = 0;
		};
		FB2051D03AC2138BD2144158 /* [CP] Embed Pods Frameworks */ = {
			isa = PBXShellScriptBuildPhase;
			buildActionMask = 2147483647;
			files = (
			);
			inputFileListPaths = (
				"${PODS_ROOT}/Target Support Files/Pods-MAD257FirebaseCrashCourse/Pods-MAD257FirebaseCrashCourse-frameworks-${CONFIGURATION}-input-files.xcfilelist",
			);
			name = "[CP] Embed Pods Frameworks";
			outputFileListPaths = (
				"${PODS_ROOT}/Target Support Files/Pods-MAD257FirebaseCrashCourse/Pods-MAD257FirebaseCrashCourse-frameworks-${CONFIGURATION}-output-files.xcfilelist",
			);
			runOnlyForDeploymentPostprocessing = 0;
			shellPath = /bin/sh;
			shellScript = "\"${PODS_ROOT}/Target Support Files/Pods-MAD257FirebaseCrashCourse/Pods-MAD257FirebaseCrashCourse-frameworks.sh\"\n";
			showEnvVarsInLog = 0;
		};
/* End PBXShellScriptBuildPhase section */

/* Begin PBXSourcesBuildPhase section */
		3A67430F25DB534900888307 /* Sources */ = {
			isa = PBXSourcesBuildPhase;
			buildActionMask = 2147483647;
			files = (
				3A67431B25DB534900888307 /* ViewController.swift in Sources */,
				3A67431725DB534900888307 /* AppDelegate.swift in Sources */,
				3A67431925DB534900888307 /* SceneDelegate.swift in Sources */,
			);
			runOnlyForDeploymentPostprocessing = 0;
		};
/* End PBXSourcesBuildPhase section */

/* Begin PBXVariantGroup section */
		3A67431C25DB534900888307 /* Main.storyboard */ = {
			isa = PBXVariantGroup;
			children = (
				3A67431D25DB534900888307 /* Base */,
			);
			name = Main.storyboard;
			sourceTree = "<group>";
		};
		3A67432125DB534C00888307 /* LaunchScreen.storyboard */ = {
			isa = PBXVariantGroup;
			children = (
				3A67432225DB534C00888307 /* Base */,
			);
			name = LaunchScreen.storyboard;
			sourceTree = "<group>";
		};
/* End PBXVariantGroup section */

/* Begin XCBuildConfiguration section */
		3A67432525DB534C00888307 /* Debug */ = {
			isa = XCBuildConfiguration;
			buildSettings = {
				ALWAYS_SEARCH_USER_PATHS = NO;
				CLANG_ANALYZER_NONNULL = YES;
				CLANG_ANALYZER_NUMBER_OBJECT_CONVERSION = YES_AGGRESSIVE;
				CLANG_CXX_LANGUAGE_STANDARD = "gnu++14";
				CLANG_CXX_LIBRARY = "libc++";
				CLANG_ENABLE_MODULES = YES;
				CLANG_ENABLE_OBJC_ARC = YES;
				CLANG_ENABLE_OBJC_WEAK = YES;
				CLANG_WARN_BLOCK_CAPTURE_AUTORELEASING = YES;
				CLANG_WARN_BOOL_CONVERSION = YES;
				CLANG_WARN_COMMA = YES;
				CLANG_WARN_CONSTANT_CONVERSION = YES;
				CLANG_WARN_DEPRECATED_OBJC_IMPLEMENTATIONS = YES;
				CLANG_WARN_DIRECT_OBJC_ISA_USAGE = YES_ERROR;
				CLANG_WARN_DOCUMENTATION_COMMENTS = YES;
				CLANG_WARN_EMPTY_BODY = YES;
				CLANG_WARN_ENUM_CONVERSION = YES;
				CLANG_WARN_INFINITE_RECURSION = YES;
				CLANG_WARN_INT_CONVERSION = YES;
				CLANG_WARN_NON_LITERAL_NULL_CONVERSION = YES;
				CLANG_WARN_OBJC_IMPLICIT_RETAIN_SELF = YES;
				CLANG_WARN_OBJC_LITERAL_CONVERSION = YES;
				CLANG_WARN_OBJC_ROOT_CLASS = YES_ERROR;
				CLANG_WARN_RANGE_LOOP_ANALYSIS = YES;
				CLANG_WARN_STRICT_PROTOTYPES = YES;
				CLANG_WARN_SUSPICIOUS_MOVE = YES;
				CLANG_WARN_UNGUARDED_AVAILABILITY = YES_AGGRESSIVE;
				CLANG_WARN_UNREACHABLE_CODE = YES;
				CLANG_WARN__DUPLICATE_METHOD_MATCH = YES;
				COPY_PHASE_STRIP = NO;
				DEBUG_INFORMATION_FORMAT = dwarf;
				ENABLE_STRICT_OBJC_MSGSEND = YES;
				ENABLE_TESTABILITY = YES;
				GCC_C_LANGUAGE_STANDARD = gnu11;
				GCC_DYNAMIC_NO_PIC = NO;
				GCC_NO_COMMON_BLOCKS = YES;
				GCC_OPTIMIZATION_LEVEL = 0;
				GCC_PREPROCESSOR_DEFINITIONS = (
					"DEBUG=1",
					"$(inherited)",
				);
				GCC_WARN_64_TO_32_BIT_CONVERSION = YES;
				GCC_WARN_ABOUT_RETURN_TYPE = YES_ERROR;
				GCC_WARN_UNDECLARED_SELECTOR = YES;
				GCC_WARN_UNINITIALIZED_AUTOS = YES_AGGRESSIVE;
				GCC_WARN_UNUSED_FUNCTION = YES;
				GCC_WARN_UNUSED_VARIABLE = YES;
				IPHONEOS_DEPLOYMENT_TARGET = 13.6;
				MTL_ENABLE_DEBUG_INFO = INCLUDE_SOURCE;
				MTL_FAST_MATH = YES;
				ONLY_ACTIVE_ARCH = YES;
				SDKROOT = iphoneos;
				SWIFT_ACTIVE_COMPILATION_CONDITIONS = DEBUG;
				SWIFT_OPTIMIZATION_LEVEL = "-Onone";
			};
			name = Debug;
		};
		3A67432625DB534C00888307 /* Release */ = {
			isa = XCBuildConfiguration;
			buildSettings = {
				ALWAYS_SEARCH_USER_PATHS = NO;
				CLANG_ANALYZER_NONNULL = YES;
				CLANG_ANALYZER_NUMBER_OBJECT_CONVERSION = YES_AGGRESSIVE;
				CLANG_CXX_LANGUAGE_STANDARD = "gnu++14";
				CLANG_CXX_LIBRARY = "libc++";
				CLANG_ENABLE_MODULES = YES;
				CLANG_ENABLE_OBJC_ARC = YES;
				CLANG_ENABLE_OBJC_WEAK = YES;
				CLANG_WARN_BLOCK_CAPTURE_AUTORELEASING = YES;
				CLANG_WARN_BOOL_CONVERSION = YES;
				CLANG_WARN_COMMA = YES;
				CLANG_WARN_CONSTANT_CONVERSION = YES;
				CLANG_WARN_DEPRECATED_OBJC_IMPLEMENTATIONS = YES;
				CLANG_WARN_DIRECT_OBJC_ISA_USAGE = YES_ERROR;
				CLANG_WARN_DOCUMENTATION_COMMENTS = YES;
				CLANG_WARN_EMPTY_BODY = YES;
				CLANG_WARN_ENUM_CONVERSION = YES;
				CLANG_WARN_INFINITE_RECURSION = YES;
				CLANG_WARN_INT_CONVERSION = YES;
				CLANG_WARN_NON_LITERAL_NULL_CONVERSION = YES;
				CLANG_WARN_OBJC_IMPLICIT_RETAIN_SELF = YES;
				CLANG_WARN_OBJC_LITERAL_CONVERSION = YES;
				CLANG_WARN_OBJC_ROOT_CLASS = YES_ERROR;
				CLANG_WARN_RANGE_LOOP_ANALYSIS = YES;
				CLANG_WARN_STRICT_PROTOTYPES = YES;
				CLANG_WARN_SUSPICIOUS_MOVE = YES;
				CLANG_WARN_UNGUARDED_AVAILABILITY = YES_AGGRESSIVE;
				CLANG_WARN_UNREACHABLE_CODE = YES;
				CLANG_WARN__DUPLICATE_METHOD_MATCH = YES;
				COPY_PHASE_STRIP = NO;
				DEBUG_INFORMATION_FORMAT = "dwarf-with-dsym";
				ENABLE_NS_ASSERTIONS = NO;
				ENABLE_STRICT_OBJC_MSGSEND = YES;
				GCC_C_LANGUAGE_STANDARD = gnu11;
				GCC_NO_COMMON_BLOCKS = YES;
				GCC_WARN_64_TO_32_BIT_CONVERSION = YES;
				GCC_WARN_ABOUT_RETURN_TYPE = YES_ERROR;
				GCC_WARN_UNDECLARED_SELECTOR = YES;
				GCC_WARN_UNINITIALIZED_AUTOS = YES_AGGRESSIVE;
				GCC_WARN_UNUSED_FUNCTION = YES;
				GCC_WARN_UNUSED_VARIABLE = YES;
				IPHONEOS_DEPLOYMENT_TARGET = 13.6;
				MTL_ENABLE_DEBUG_INFO = NO;
				MTL_FAST_MATH = YES;
				SDKROOT = iphoneos;
				SWIFT_COMPILATION_MODE = wholemodule;
				SWIFT_OPTIMIZATION_LEVEL = "-O";
				VALIDATE_PRODUCT = YES;
			};
			name = Release;
		};
		3A67432825DB534C00888307 /* Debug */ = {
			isa = XCBuildConfiguration;
			baseConfigurationReference = C181FE8129C293F12FDAF75B /* Pods-MAD257FirebaseCrashCourse.debug.xcconfig */;
			buildSettings = {
				ASSETCATALOG_COMPILER_APPICON_NAME = AppIcon;
				CODE_SIGN_STYLE = Automatic;
				DEVELOPMENT_TEAM = JQ4QUUYZ53;
				INFOPLIST_FILE = MAD257FirebaseCrashCourse/Info.plist;
				LD_RUNPATH_SEARCH_PATHS = (
					"$(inherited)",
					"@executable_path/Frameworks",
				);
				PRODUCT_BUNDLE_IDENTIFIER = com.TygerMatrix.MAD257FirebaseCrashCourse;
				PRODUCT_NAME = "$(TARGET_NAME)";
				SWIFT_VERSION = 5.0;
				TARGETED_DEVICE_FAMILY = "1,2";
			};
			name = Debug;
		};
		3A67432925DB534C00888307 /* Release */ = {
			isa = XCBuildConfiguration;
			baseConfigurationReference = 554FFDD5871AA0BC3E29A2A8 /* Pods-MAD257FirebaseCrashCourse.release.xcconfig */;
			buildSettings = {
				ASSETCATALOG_COMPILER_APPICON_NAME = AppIcon;
				CODE_SIGN_STYLE = Automatic;
				DEVELOPMENT_TEAM = JQ4QUUYZ53;
				INFOPLIST_FILE = MAD257FirebaseCrashCourse/Info.plist;
				LD_RUNPATH_SEARCH_PATHS = (
					"$(inherited)",
					"@executable_path/Frameworks",
				);
				PRODUCT_BUNDLE_IDENTIFIER = com.TygerMatrix.MAD257FirebaseCrashCourse;
				PRODUCT_NAME = "$(TARGET_NAME)";
				SWIFT_VERSION = 5.0;
				TARGETED_DEVICE_FAMILY = "1,2";
			};
			name = Release;
		};
/* End XCBuildConfiguration section */

/* Begin XCConfigurationList section */
		3A67430E25DB534900888307 /* Build configuration list for PBXProject "MAD257FirebaseCrashCourse" */ = {
			isa = XCConfigurationList;
			buildConfigurations = (
				3A67432525DB534C00888307 /* Debug */,
				3A67432625DB534C00888307 /* Release */,
			);
			defaultConfigurationIsVisible = 0;
			defaultConfigurationName = Release;
		};
		3A67432725DB534C00888307 /* Build configuration list for PBXNativeTarget "MAD257FirebaseCrashCourse" */ = {
			isa = XCConfigurationList;
			buildConfigurations = (
				3A67432825DB534C00888307 /* Debug */,
				3A67432925DB534C00888307 /* Release */,
			);
			defaultConfigurationIsVisible = 0;
			defaultConfigurationName = Release;
		};
/* End XCConfigurationList section */
	};
	rootObject = 3A67430B25DB534900888307 /* Project object */;
}
